
Microsoft Visual Studio Solution File, Format Version 12.00
# Visual Studio Version 17
VisualStudioVersion = 17.5.33530.505
MinimumVisualStudioVersion = 10.0.40219.1
Project("{9A19103F-16F7-4668-BE54-9A1E7A4F7556}") = "FamChron.Api", "FamChron.Api\FamChron.Api.csproj", "{B4AA8415-4BB7-435D-8C10-DCB32F125F69}"
EndProject
Project("{9A19103F-16F7-4668-BE54-9A1E7A4F7556}") = "FamChron.Models", "FamChron.Models\FamChron.Models.csproj", "{7120EA2A-B374-4946-8E77-70016752697B}"
EndProject
Project("{9A19103F-16F7-4668-BE54-9A1E7A4F7556}") = "FamChron.Web", "FamChron.Web\FamChron.Web.csproj", "{F2E3665A-0655-483D-8594-DE0FAA3758FE}"
EndProject
Project("{54A90642-561A-4BB1-A94E-469ADEE60C69}") = "FamChron.WebUI", "FamChron.WebUI\FamChron.WebUI.esproj", "{9411D34A-A65E-4CCE-8F23-ED0AAF4292C1}"
EndProject
Project("{9A19103F-16F7-4668-BE54-9A1E7A4F7556}") = "FamChron.Gateway", "FamChron.Gateway\FamChron.Gateway.csproj", "{EAF62D8F-4843-437F-A08D-8D546E929B8F}"
EndProject
Project("{FAE04EC0-301F-11D3-BF4B-00C04F79EFBC}") = "FamChron.JwtService", "FamChron.JwtService\FamChron.JwtService.csproj", "{6F928B9F-1D7C-440C-A490-0670E0CBF11B}"
EndProject
Global
	GlobalSection(SolutionConfigurationPlatforms) = preSolution
		Debug|Any CPU = Debug|Any CPU
		Release|Any CPU = Release|Any CPU
	EndGlobalSection
	GlobalSection(ProjectConfigurationPlatforms) = postSolution
		{B4AA8415-4BB7-435D-8C10-DCB32F125F69}.Debug|Any CPU.ActiveCfg = Debug|Any CPU
		{B4AA8415-4BB7-435D-8C10-DCB32F125F69}.Debug|Any CPU.Build.0 = Debug|Any CPU
		{B4AA8415-4BB7-435D-8C10-DCB32F125F69}.Release|Any CPU.ActiveCfg = Release|Any CPU
		{B4AA8415-4BB7-435D-8C10-DCB32F125F69}.Release|Any CPU.Build.0 = Release|Any CPU
		{7120EA2A-B374-4946-8E77-70016752697B}.Debug|Any CPU.ActiveCfg = Debug|Any CPU
		{7120EA2A-B374-4946-8E77-70016752697B}.Debug|Any CPU.Build.0 = Debug|Any CPU
		{7120EA2A-B374-4946-8E77-70016752697B}.Release|Any CPU.ActiveCfg = Release|Any CPU
		{7120EA2A-B374-4946-8E77-70016752697B}.Release|Any CPU.Build.0 = Release|Any CPU
		{F2E3665A-0655-483D-8594-DE0FAA3758FE}.Debug|Any CPU.ActiveCfg = Debug|Any CPU
		{F2E3665A-0655-483D-8594-DE0FAA3758FE}.Debug|Any CPU.Build.0 = Debug|Any CPU
		{F2E3665A-0655-483D-8594-DE0FAA3758FE}.Release|Any CPU.ActiveCfg = Release|Any CPU
		{F2E3665A-0655-483D-8594-DE0FAA3758FE}.Release|Any CPU.Build.0 = Release|Any CPU
		{9411D34A-A65E-4CCE-8F23-ED0AAF4292C1}.Debug|Any CPU.ActiveCfg = Debug|Any CPU
		{9411D34A-A65E-4CCE-8F23-ED0AAF4292C1}.Debug|Any CPU.Build.0 = Debug|Any CPU
		{9411D34A-A65E-4CCE-8F23-ED0AAF4292C1}.Debug|Any CPU.Deploy.0 = Debug|Any CPU
		{9411D34A-A65E-4CCE-8F23-ED0AAF4292C1}.Release|Any CPU.ActiveCfg = Release|Any CPU
		{9411D34A-A65E-4CCE-8F23-ED0AAF4292C1}.Release|Any CPU.Build.0 = Release|Any CPU
		{9411D34A-A65E-4CCE-8F23-ED0AAF4292C1}.Release|Any CPU.Deploy.0 = Release|Any CPU
		{EAF62D8F-4843-437F-A08D-8D546E929B8F}.Debug|Any CPU.ActiveCfg = Debug|Any CPU
		{EAF62D8F-4843-437F-A08D-8D546E929B8F}.Debug|Any CPU.Build.0 = Debug|Any CPU
		{EAF62D8F-4843-437F-A08D-8D546E929B8F}.Release|Any CPU.ActiveCfg = Release|Any CPU
		{EAF62D8F-4843-437F-A08D-8D546E929B8F}.Release|Any CPU.Build.0 = Release|Any CPU
		{6F928B9F-1D7C-440C-A490-0670E0CBF11B}.Debug|Any CPU.ActiveCfg = Debug|Any CPU
		{6F928B9F-1D7C-440C-A490-0670E0CBF11B}.Debug|Any CPU.Build.0 = Debug|Any CPU
		{6F928B9F-1D7C-440C-A490-0670E0CBF11B}.Release|Any CPU.ActiveCfg = Release|Any CPU
		{6F928B9F-1D7C-440C-A490-0670E0CBF11B}.Release|Any CPU.Build.0 = Release|Any CPU
	EndGlobalSection
	GlobalSection(SolutionProperties) = preSolution
		HideSolutionNode = FALSE
	EndGlobalSection
	GlobalSection(ExtensibilityGlobals) = postSolution
		SolutionGuid = {0D358104-7FC0-4C93-B48E-F55BC86B891A}
	EndGlobalSection
EndGlobal
