
Microsoft Visual Studio Solution File, Format Version 12.00
# Visual Studio Version 17
VisualStudioVersion = 17.5.33530.505
MinimumVisualStudioVersion = 10.0.40219.1
Project("{9A19103F-16F7-4668-BE54-9A1E7A4F7556}") = "FamChron.Models", "..\FamChron.Models\FamChron.Models.csproj", "{3AC35028-0144-499A-A2B0-F4375F4BEC2F}"
EndProject
Project("{9A19103F-16F7-4668-BE54-9A1E7A4F7556}") = "FamChron.Api", "..\FamChron.Api\FamChron.Api.csproj", "{3BD21342-FE97-441F-8EB2-E312001EDB70}"
EndProject
Project("{9A19103F-16F7-4668-BE54-9A1E7A4F7556}") = "FamChron.Web", "..\FamChron.Web\FamChron.Web.csproj", "{3E56D8D0-C30F-4F85-8275-799459BE8254}"
EndProject
Global
	GlobalSection(SolutionConfigurationPlatforms) = preSolution
		Debug|Any CPU = Debug|Any CPU
		Release|Any CPU = Release|Any CPU
	EndGlobalSection
	GlobalSection(ProjectConfigurationPlatforms) = postSolution
		{3AC35028-0144-499A-A2B0-F4375F4BEC2F}.Debug|Any CPU.ActiveCfg = Debug|Any CPU
		{3AC35028-0144-499A-A2B0-F4375F4BEC2F}.Debug|Any CPU.Build.0 = Debug|Any CPU
		{3AC35028-0144-499A-A2B0-F4375F4BEC2F}.Release|Any CPU.ActiveCfg = Release|Any CPU
		{3AC35028-0144-499A-A2B0-F4375F4BEC2F}.Release|Any CPU.Build.0 = Release|Any CPU
		{3BD21342-FE97-441F-8EB2-E312001EDB70}.Debug|Any CPU.ActiveCfg = Debug|Any CPU
		{3BD21342-FE97-441F-8EB2-E312001EDB70}.Debug|Any CPU.Build.0 = Debug|Any CPU
		{3BD21342-FE97-441F-8EB2-E312001EDB70}.Release|Any CPU.ActiveCfg = Release|Any CPU
		{3BD21342-FE97-441F-8EB2-E312001EDB70}.Release|Any CPU.Build.0 = Release|Any CPU
		{3E56D8D0-C30F-4F85-8275-799459BE8254}.Debug|Any CPU.ActiveCfg = Debug|Any CPU
		{3E56D8D0-C30F-4F85-8275-799459BE8254}.Debug|Any CPU.Build.0 = Debug|Any CPU
		{3E56D8D0-C30F-4F85-8275-799459BE8254}.Release|Any CPU.ActiveCfg = Release|Any CPU
		{3E56D8D0-C30F-4F85-8275-799459BE8254}.Release|Any CPU.Build.0 = Release|Any CPU
	EndGlobalSection
	GlobalSection(SolutionProperties) = preSolution
		HideSolutionNode = FALSE
	EndGlobalSection
	GlobalSection(ExtensibilityGlobals) = postSolution
		SolutionGuid = {0D358104-7FC0-4C93-B48E-F55BC86B891A}
	EndGlobalSection
EndGlobal
